
Microsoft Visual Studio Solution File, Format Version 12.00
# Visual Studio Version 17
VisualStudioVersion = 17.3.32929.385
MinimumVisualStudioVersion = 10.0.40219.1
Project("{FAE04EC0-301F-11D3-BF4B-00C04F79EFBC}") = "CountCharsInAString", "CountCharsInAString\CountCharsInAString.csproj", "{1CCAECBA-2DF2-44A9-8FFD-70DCD11D44E7}"
EndProject
Project("{FAE04EC0-301F-11D3-BF4B-00C04F79EFBC}") = "AMinerTask", "AMinerTask\AMinerTask.csproj", "{1D8DBD27-0EE2-4338-815B-DA7DC5EBCE03}"
EndProject
Global
	GlobalSection(SolutionConfigurationPlatforms) = preSolution
		Debug|Any CPU = Debug|Any CPU
		Release|Any CPU = Release|Any CPU
	EndGlobalSection
	GlobalSection(ProjectConfigurationPlatforms) = postSolution
		{1CCAECBA-2DF2-44A9-8FFD-70DCD11D44E7}.Debug|Any CPU.ActiveCfg = Debug|Any CPU
		{1CCAECBA-2DF2-44A9-8FFD-70DCD11D44E7}.Debug|Any CPU.Build.0 = Debug|Any CPU
		{1CCAECBA-2DF2-44A9-8FFD-70DCD11D44E7}.Release|Any CPU.ActiveCfg = Release|Any CPU
		{1CCAECBA-2DF2-44A9-8FFD-70DCD11D44E7}.Release|Any CPU.Build.0 = Release|Any CPU
		{1D8DBD27-0EE2-4338-815B-DA7DC5EBCE03}.Debug|Any CPU.ActiveCfg = Debug|Any CPU
		{1D8DBD27-0EE2-4338-815B-DA7DC5EBCE03}.Debug|Any CPU.Build.0 = Debug|Any CPU
		{1D8DBD27-0EE2-4338-815B-DA7DC5EBCE03}.Release|Any CPU.ActiveCfg = Release|Any CPU
		{1D8DBD27-0EE2-4338-815B-DA7DC5EBCE03}.Release|Any CPU.Build.0 = Release|Any CPU
	EndGlobalSection
	GlobalSection(SolutionProperties) = preSolution
		HideSolutionNode = FALSE
	EndGlobalSection
	GlobalSection(ExtensibilityGlobals) = postSolution
		SolutionGuid = {D658B998-26BB-4008-B734-D69675039A85}
	EndGlobalSection
EndGlobal
