
Microsoft Visual Studio Solution File, Format Version 12.00
# Visual Studio Version 17
VisualStudioVersion = 17.4.33103.184
MinimumVisualStudioVersion = 10.0.40219.1
Project("{FAE04EC0-301F-11D3-BF4B-00C04F79EFBC}") = "1. Encrypt, Sort, and Print Array", "1. Encrypt, Sort, and Print Array\1. Encrypt, Sort, and Print Array.csproj", "{D1AF9E61-41B8-4CC8-826F-24E0EB66783B}"
EndProject
Global
	GlobalSection(SolutionConfigurationPlatforms) = preSolution
		Debug|Any CPU = Debug|Any CPU
		Release|Any CPU = Release|Any CPU
	EndGlobalSection
	GlobalSection(ProjectConfigurationPlatforms) = postSolution
		{D1AF9E61-41B8-4CC8-826F-24E0EB66783B}.Debug|Any CPU.ActiveCfg = Debug|Any CPU
		{D1AF9E61-41B8-4CC8-826F-24E0EB66783B}.Debug|Any CPU.Build.0 = Debug|Any CPU
		{D1AF9E61-41B8-4CC8-826F-24E0EB66783B}.Release|Any CPU.ActiveCfg = Release|Any CPU
		{D1AF9E61-41B8-4CC8-826F-24E0EB66783B}.Release|Any CPU.Build.0 = Release|Any CPU
	EndGlobalSection
	GlobalSection(SolutionProperties) = preSolution
		HideSolutionNode = FALSE
	EndGlobalSection
	GlobalSection(ExtensibilityGlobals) = postSolution
		SolutionGuid = {F2C40AE1-FE72-4C80-9C6C-65A0EB8A9EA7}
	EndGlobalSection
EndGlobal
